
Microsoft Visual Studio Solution File, Format Version 12.00
# Visual Studio Version 17
VisualStudioVersion = 17.3.32929.385
MinimumVisualStudioVersion = 10.0.40219.1
Project("{8BC9CEB8-8B4A-11D0-8D11-00A0C91BC942}") = "DataStructures", "data (all)\data (all).vcxproj", "{9AA0BD5D-3CEA-4396-ACA1-E5988B21091B}"
EndProject
Global
	GlobalSection(SolutionConfigurationPlatforms) = preSolution
		Debug|x64 = Debug|x64
		Debug|x86 = Debug|x86
		Release|x64 = Release|x64
		Release|x86 = Release|x86
	EndGlobalSection
	GlobalSection(ProjectConfigurationPlatforms) = postSolution
		{9AA0BD5D-3CEA-4396-ACA1-E5988B21091B}.Debug|x64.ActiveCfg = Debug|x64
		{9AA0BD5D-3CEA-4396-ACA1-E5988B21091B}.Debug|x64.Build.0 = Debug|x64
		{9AA0BD5D-3CEA-4396-ACA1-E5988B21091B}.Debug|x86.ActiveCfg = Debug|Win32
		{9AA0BD5D-3CEA-4396-ACA1-E5988B21091B}.Debug|x86.Build.0 = Debug|Win32
		{9AA0BD5D-3CEA-4396-ACA1-E5988B21091B}.Release|x64.ActiveCfg = Release|x64
		{9AA0BD5D-3CEA-4396-ACA1-E5988B21091B}.Release|x64.Build.0 = Release|x64
		{9AA0BD5D-3CEA-4396-ACA1-E5988B21091B}.Release|x86.ActiveCfg = Release|Win32
		{9AA0BD5D-3CEA-4396-ACA1-E5988B21091B}.Release|x86.Build.0 = Release|Win32
	EndGlobalSection
	GlobalSection(SolutionProperties) = preSolution
		HideSolutionNode = FALSE
	EndGlobalSection
	GlobalSection(ExtensibilityGlobals) = postSolution
		SolutionGuid = {1BAF2462-989A-41B5-BA72-EAE6E577ADD4}
	EndGlobalSection
EndGlobal
